{
  "name": "rj4",
  "version": "1.0.0",
  "lockfileVersion": 3,
  "requires": true,
  "packages": {
    "": {
      "name": "rj4",
      "version": "1.0.0",
      "license": "ISC",
      "dependencies": {
        "rj4modulo": "file:./node_modules/rj4modulo"
      }
    },
    "node_modules/rj4modulo": {
      "version": "1.0.0",
      "resolved": "rj4modulo",
      "license": "ISC",
      "link": true
    }
  }
}
